
Microsoft Visual Studio Solution File, Format Version 12.00
# Visual Studio 15
VisualStudioVersion = 15.0.33026.149
MinimumVisualStudioVersion = 10.0.40219.1
Project("{8BC9CEB8-8B4A-11D0-8D11-00A0C91BC942}") = "CeExtensions", "CeExtensions\CeExtensions.vcxproj", "{2CF928E2-8DF3-43E0-8FE8-E6D76C18B3CE}"
EndProject
Global
	GlobalSection(SolutionConfigurationPlatforms) = preSolution
		Debug|x64 = Debug|x64
		Debug|x86 = Debug|x86
		Release|x64 = Release|x64
		Release|x86 = Release|x86
	EndGlobalSection
	GlobalSection(ProjectConfigurationPlatforms) = postSolution
		{2CF928E2-8DF3-43E0-8FE8-E6D76C18B3CE}.Debug|x64.ActiveCfg = Debug|x64
		{2CF928E2-8DF3-43E0-8FE8-E6D76C18B3CE}.Debug|x64.Build.0 = Debug|x64
		{2CF928E2-8DF3-43E0-8FE8-E6D76C18B3CE}.Debug|x86.ActiveCfg = Debug|Win32
		{2CF928E2-8DF3-43E0-8FE8-E6D76C18B3CE}.Debug|x86.Build.0 = Debug|Win32
		{2CF928E2-8DF3-43E0-8FE8-E6D76C18B3CE}.Release|x64.ActiveCfg = Release|x64
		{2CF928E2-8DF3-43E0-8FE8-E6D76C18B3CE}.Release|x64.Build.0 = Release|x64
		{2CF928E2-8DF3-43E0-8FE8-E6D76C18B3CE}.Release|x86.ActiveCfg = Release|Win32
		{2CF928E2-8DF3-43E0-8FE8-E6D76C18B3CE}.Release|x86.Build.0 = Release|Win32
	EndGlobalSection
	GlobalSection(SolutionProperties) = preSolution
		HideSolutionNode = FALSE
	EndGlobalSection
	GlobalSection(ExtensibilityGlobals) = postSolution
		SolutionGuid = {FC978FB4-E7E2-4BC8-994F-85128677CD44}
	EndGlobalSection
EndGlobal
